--- 
dependencies: 
  rails: 
    group: 
    - :default
    version: ~> 2.3.5
  authlogic: 
    group: 
    - :default
    version: ~> 2.1.4
    require: 
    - authlogic
  mysql: 
    group: 
    - :default
    version: ">= 0"
    require: 
    - mysql
  friendly_id: 
    group: 
    - :default
    version: ~> 2.3.4
    require: 
    - friendly_id
  will_paginate: 
    group: 
    - :default
    version: ~> 2.3.12
    require: 
    - will_paginate
  rmagick: 
    group: 
    - :default
    version: ~> 2.13.1
  aasm: 
    group: 
    - :default
    version: ~> 2.1.5
  hpricot: 
    group: 
    - :default
    version: ~> 0.8
    require: 
    - hpricot
specs: 
- rake: 
    version: 0.8.7
- aasm: 
    version: 2.1.5
- activesupport: 
    version: 2.3.8
- rack: 
    version: 1.1.0
- actionpack: 
    version: 2.3.8
- actionmailer: 
    version: 2.3.8
- activerecord: 
    version: 2.3.8
- activeresource: 
    version: 2.3.8
- authlogic: 
    version: 2.1.5
- friendly_id: 
    version: 2.3.4
- hpricot: 
    version: 0.8.2
- mysql: 
    version: 2.8.1
- rails: 
    version: 2.3.8
- rmagick: 
    version: 2.13.1
- will_paginate: 
    version: 2.3.14
hash: 76c1f5f05c2ecc1fda5dbe6a544c5093b3e02fdd
sources: 
- Rubygems: 
    uri: http://gemcutter.org
